
Microsoft Visual Studio Solution File, Format Version 12.00
# Visual Studio Version 17
VisualStudioVersion = 17.0.32126.317
MinimumVisualStudioVersion = 10.0.40219.1
Project("{FAE04EC0-301F-11D3-BF4B-00C04F79EFBC}") = "TrackerLibrary", "TrackerLibrary\TrackerLibrary.csproj", "{D954A001-377C-4335-A441-A076A920583E}"
EndProject
Global
	GlobalSection(SolutionConfigurationPlatforms) = preSolution
		Debug|Any CPU = Debug|Any CPU
		Release|Any CPU = Release|Any CPU
	EndGlobalSection
	GlobalSection(ProjectConfigurationPlatforms) = postSolution
		{D954A001-377C-4335-A441-A076A920583E}.Debug|Any CPU.ActiveCfg = Debug|Any CPU
		{D954A001-377C-4335-A441-A076A920583E}.Debug|Any CPU.Build.0 = Debug|Any CPU
		{D954A001-377C-4335-A441-A076A920583E}.Release|Any CPU.ActiveCfg = Release|Any CPU
		{D954A001-377C-4335-A441-A076A920583E}.Release|Any CPU.Build.0 = Release|Any CPU
	EndGlobalSection
	GlobalSection(SolutionProperties) = preSolution
		HideSolutionNode = FALSE
	EndGlobalSection
	GlobalSection(ExtensibilityGlobals) = postSolution
		SolutionGuid = {8FAB580F-1C49-4E67-BCD1-C30DFAA34C92}
	EndGlobalSection
EndGlobal
